
Microsoft Visual Studio Solution File, Format Version 12.00
# Visual Studio 15
VisualStudioVersion = 15.0.27130.2026
MinimumVisualStudioVersion = 10.0.40219.1
Project("{FAE04EC0-301F-11D3-BF4B-00C04F79EFBC}") = "Test-PlayerControls", "Test-PlayerControls.csproj", "{DD10098A-2AF4-4BFB-855F-D6A523318797}"
EndProject
Global
	GlobalSection(SolutionConfigurationPlatforms) = preSolution
		Debug|Any CPU = Debug|Any CPU
		Release|Any CPU = Release|Any CPU
	EndGlobalSection
	GlobalSection(ProjectConfigurationPlatforms) = postSolution
		{DD10098A-2AF4-4BFB-855F-D6A523318797}.Debug|Any CPU.ActiveCfg = Debug|Any CPU
		{DD10098A-2AF4-4BFB-855F-D6A523318797}.Debug|Any CPU.Build.0 = Debug|Any CPU
		{DD10098A-2AF4-4BFB-855F-D6A523318797}.Release|Any CPU.ActiveCfg = Release|Any CPU
		{DD10098A-2AF4-4BFB-855F-D6A523318797}.Release|Any CPU.Build.0 = Release|Any CPU
	EndGlobalSection
	GlobalSection(SolutionProperties) = preSolution
		HideSolutionNode = FALSE
	EndGlobalSection
	GlobalSection(ExtensibilityGlobals) = postSolution
		SolutionGuid = {7766ED50-C87B-4788-9E59-802EE5CA9FE7}
	EndGlobalSection
EndGlobal
